
Microsoft Visual Studio Solution File, Format Version 12.00
# Visual Studio Version 17
VisualStudioVersion = 17.6.33723.286
MinimumVisualStudioVersion = 10.0.40219.1
Project("{9A19103F-16F7-4668-BE54-9A1E7A4F7556}") = "SquareFigures", "SquareFigures.csproj", "{0E7ADE8E-EC1A-43BA-9DAA-63DBD002AC63}"
EndProject
Project("{9A19103F-16F7-4668-BE54-9A1E7A4F7556}") = "SQLQuery", "..\SQLQuery\SQLQuery.csproj", "{7080AB83-1948-4F6E-A27B-504E741448DE}"
EndProject
Project("{FAE04EC0-301F-11D3-BF4B-00C04F79EFBC}") = "TestProject1", "..\TestProject1\TestProject1.csproj", "{81848C50-7E63-419E-8865-E4D56B6C7385}"
EndProject
Global
	GlobalSection(SolutionConfigurationPlatforms) = preSolution
		Debug|Any CPU = Debug|Any CPU
		Release|Any CPU = Release|Any CPU
	EndGlobalSection
	GlobalSection(ProjectConfigurationPlatforms) = postSolution
		{0E7ADE8E-EC1A-43BA-9DAA-63DBD002AC63}.Debug|Any CPU.ActiveCfg = Debug|Any CPU
		{0E7ADE8E-EC1A-43BA-9DAA-63DBD002AC63}.Debug|Any CPU.Build.0 = Debug|Any CPU
		{0E7ADE8E-EC1A-43BA-9DAA-63DBD002AC63}.Release|Any CPU.ActiveCfg = Release|Any CPU
		{0E7ADE8E-EC1A-43BA-9DAA-63DBD002AC63}.Release|Any CPU.Build.0 = Release|Any CPU
		{7080AB83-1948-4F6E-A27B-504E741448DE}.Debug|Any CPU.ActiveCfg = Debug|Any CPU
		{7080AB83-1948-4F6E-A27B-504E741448DE}.Debug|Any CPU.Build.0 = Debug|Any CPU
		{7080AB83-1948-4F6E-A27B-504E741448DE}.Release|Any CPU.ActiveCfg = Release|Any CPU
		{7080AB83-1948-4F6E-A27B-504E741448DE}.Release|Any CPU.Build.0 = Release|Any CPU
		{81848C50-7E63-419E-8865-E4D56B6C7385}.Debug|Any CPU.ActiveCfg = Debug|Any CPU
		{81848C50-7E63-419E-8865-E4D56B6C7385}.Debug|Any CPU.Build.0 = Debug|Any CPU
		{81848C50-7E63-419E-8865-E4D56B6C7385}.Release|Any CPU.ActiveCfg = Release|Any CPU
		{81848C50-7E63-419E-8865-E4D56B6C7385}.Release|Any CPU.Build.0 = Release|Any CPU
	EndGlobalSection
	GlobalSection(SolutionProperties) = preSolution
		HideSolutionNode = FALSE
	EndGlobalSection
	GlobalSection(ExtensibilityGlobals) = postSolution
		SolutionGuid = {96D45F63-889B-401D-821C-360062DD8E47}
	EndGlobalSection
EndGlobal
